
Microsoft Visual Studio Solution File, Format Version 12.00
# Visual Studio 14
VisualStudioVersion = 14.0.23107.0
MinimumVisualStudioVersion = 10.0.40219.1
Project("{FAE04EC0-301F-11D3-BF4B-00C04F79EFBC}") = "AudioServer", "AudioServer\AudioServer.csproj", "{FEE0AE93-894A-42FA-98F4-8A9979C54ACD}"
EndProject
Project("{FAE04EC0-301F-11D3-BF4B-00C04F79EFBC}") = "Devices", "Devices\Devices.csproj", "{62BE27C3-57FB-4D75-B24D-116AA56628D9}"
EndProject
Project("{54435603-DBB4-11D2-8724-00A0C9A8B90C}") = "AudioServerAsioSetup", "AudioServerAsioSetup\AudioServerAsioSetup.vdproj", "{7FE7AB9F-42DD-47B3-834A-03CA1BB126F9}"
EndProject
Global
	GlobalSection(SolutionConfigurationPlatforms) = preSolution
		CD_ROM|x86 = CD_ROM|x86
		Debug|x86 = Debug|x86
		DVD-5|x86 = DVD-5|x86
		Release|x86 = Release|x86
		SingleImage|x86 = SingleImage|x86
	EndGlobalSection
	GlobalSection(ProjectConfigurationPlatforms) = postSolution
		{FEE0AE93-894A-42FA-98F4-8A9979C54ACD}.CD_ROM|x86.ActiveCfg = Release|x86
		{FEE0AE93-894A-42FA-98F4-8A9979C54ACD}.CD_ROM|x86.Build.0 = Release|x86
		{FEE0AE93-894A-42FA-98F4-8A9979C54ACD}.Debug|x86.ActiveCfg = Debug|x86
		{FEE0AE93-894A-42FA-98F4-8A9979C54ACD}.Debug|x86.Build.0 = Debug|x86
		{FEE0AE93-894A-42FA-98F4-8A9979C54ACD}.DVD-5|x86.ActiveCfg = Debug|x86
		{FEE0AE93-894A-42FA-98F4-8A9979C54ACD}.DVD-5|x86.Build.0 = Debug|x86
		{FEE0AE93-894A-42FA-98F4-8A9979C54ACD}.Release|x86.ActiveCfg = Release|x86
		{FEE0AE93-894A-42FA-98F4-8A9979C54ACD}.Release|x86.Build.0 = Release|x86
		{FEE0AE93-894A-42FA-98F4-8A9979C54ACD}.SingleImage|x86.ActiveCfg = Release|x86
		{FEE0AE93-894A-42FA-98F4-8A9979C54ACD}.SingleImage|x86.Build.0 = Release|x86
		{62BE27C3-57FB-4D75-B24D-116AA56628D9}.CD_ROM|x86.ActiveCfg = Release|x86
		{62BE27C3-57FB-4D75-B24D-116AA56628D9}.CD_ROM|x86.Build.0 = Release|x86
		{62BE27C3-57FB-4D75-B24D-116AA56628D9}.Debug|x86.ActiveCfg = Debug|x86
		{62BE27C3-57FB-4D75-B24D-116AA56628D9}.Debug|x86.Build.0 = Debug|x86
		{62BE27C3-57FB-4D75-B24D-116AA56628D9}.DVD-5|x86.ActiveCfg = Debug|x86
		{62BE27C3-57FB-4D75-B24D-116AA56628D9}.DVD-5|x86.Build.0 = Debug|x86
		{62BE27C3-57FB-4D75-B24D-116AA56628D9}.Release|x86.ActiveCfg = Release|x86
		{62BE27C3-57FB-4D75-B24D-116AA56628D9}.Release|x86.Build.0 = Release|x86
		{62BE27C3-57FB-4D75-B24D-116AA56628D9}.SingleImage|x86.ActiveCfg = Release|x86
		{62BE27C3-57FB-4D75-B24D-116AA56628D9}.SingleImage|x86.Build.0 = Release|x86
		{7FE7AB9F-42DD-47B3-834A-03CA1BB126F9}.CD_ROM|x86.ActiveCfg = Release
		{7FE7AB9F-42DD-47B3-834A-03CA1BB126F9}.Debug|x86.ActiveCfg = Debug
		{7FE7AB9F-42DD-47B3-834A-03CA1BB126F9}.DVD-5|x86.ActiveCfg = Debug
		{7FE7AB9F-42DD-47B3-834A-03CA1BB126F9}.Release|x86.ActiveCfg = Release
		{7FE7AB9F-42DD-47B3-834A-03CA1BB126F9}.SingleImage|x86.ActiveCfg = Release
	EndGlobalSection
	GlobalSection(SolutionProperties) = preSolution
		HideSolutionNode = FALSE
	EndGlobalSection
EndGlobal
