
Microsoft Visual Studio Solution File, Format Version 12.00
# Visual Studio 2013
VisualStudioVersion = 12.0.31101.0
MinimumVisualStudioVersion = 10.0.40219.1
Project("{FAE04EC0-301F-11D3-BF4B-00C04F79EFBC}") = "AudioServer", "AudioServer\AudioServer.csproj", "{FEE0AE93-894A-42FA-98F4-8A9979C54ACD}"
EndProject
Project("{FAE04EC0-301F-11D3-BF4B-00C04F79EFBC}") = "Devices", "Devices\Devices.csproj", "{62BE27C3-57FB-4D75-B24D-116AA56628D9}"
EndProject
Project("{6141683F-8A12-4E36-9623-2EB02B2C2303}") = "AudioServerAsioSetup", "AudioServerAsioSetup\AudioServerAsioSetup.isproj", "{FCCAA4BD-D0E8-40CE-AB2E-BE1705632247}"
	ProjectSection(ProjectDependencies) = postProject
		{FEE0AE93-894A-42FA-98F4-8A9979C54ACD} = {FEE0AE93-894A-42FA-98F4-8A9979C54ACD}
	EndProjectSection
EndProject
Global
	GlobalSection(SolutionConfigurationPlatforms) = preSolution
		CD_ROM|x86 = CD_ROM|x86
		Debug|x86 = Debug|x86
		DVD-5|x86 = DVD-5|x86
		Release|x86 = Release|x86
		SingleImage|x86 = SingleImage|x86
	EndGlobalSection
	GlobalSection(ProjectConfigurationPlatforms) = postSolution
		{FEE0AE93-894A-42FA-98F4-8A9979C54ACD}.CD_ROM|x86.ActiveCfg = Release|x86
		{FEE0AE93-894A-42FA-98F4-8A9979C54ACD}.CD_ROM|x86.Build.0 = Release|x86
		{FEE0AE93-894A-42FA-98F4-8A9979C54ACD}.Debug|x86.ActiveCfg = Debug|x86
		{FEE0AE93-894A-42FA-98F4-8A9979C54ACD}.Debug|x86.Build.0 = Debug|x86
		{FEE0AE93-894A-42FA-98F4-8A9979C54ACD}.DVD-5|x86.ActiveCfg = Debug|x86
		{FEE0AE93-894A-42FA-98F4-8A9979C54ACD}.DVD-5|x86.Build.0 = Debug|x86
		{FEE0AE93-894A-42FA-98F4-8A9979C54ACD}.Release|x86.ActiveCfg = Release|x86
		{FEE0AE93-894A-42FA-98F4-8A9979C54ACD}.Release|x86.Build.0 = Release|x86
		{FEE0AE93-894A-42FA-98F4-8A9979C54ACD}.SingleImage|x86.ActiveCfg = Release|x86
		{FEE0AE93-894A-42FA-98F4-8A9979C54ACD}.SingleImage|x86.Build.0 = Release|x86
		{62BE27C3-57FB-4D75-B24D-116AA56628D9}.CD_ROM|x86.ActiveCfg = Release|x86
		{62BE27C3-57FB-4D75-B24D-116AA56628D9}.CD_ROM|x86.Build.0 = Release|x86
		{62BE27C3-57FB-4D75-B24D-116AA56628D9}.Debug|x86.ActiveCfg = Debug|x86
		{62BE27C3-57FB-4D75-B24D-116AA56628D9}.Debug|x86.Build.0 = Debug|x86
		{62BE27C3-57FB-4D75-B24D-116AA56628D9}.DVD-5|x86.ActiveCfg = Debug|x86
		{62BE27C3-57FB-4D75-B24D-116AA56628D9}.DVD-5|x86.Build.0 = Debug|x86
		{62BE27C3-57FB-4D75-B24D-116AA56628D9}.Release|x86.ActiveCfg = Release|x86
		{62BE27C3-57FB-4D75-B24D-116AA56628D9}.Release|x86.Build.0 = Release|x86
		{62BE27C3-57FB-4D75-B24D-116AA56628D9}.SingleImage|x86.ActiveCfg = Release|x86
		{62BE27C3-57FB-4D75-B24D-116AA56628D9}.SingleImage|x86.Build.0 = Release|x86
		{FCCAA4BD-D0E8-40CE-AB2E-BE1705632247}.CD_ROM|x86.ActiveCfg = CD_ROM
		{FCCAA4BD-D0E8-40CE-AB2E-BE1705632247}.CD_ROM|x86.Build.0 = CD_ROM
		{FCCAA4BD-D0E8-40CE-AB2E-BE1705632247}.Debug|x86.ActiveCfg = DVD-5
		{FCCAA4BD-D0E8-40CE-AB2E-BE1705632247}.Debug|x86.Build.0 = DVD-5
		{FCCAA4BD-D0E8-40CE-AB2E-BE1705632247}.DVD-5|x86.ActiveCfg = DVD-5
		{FCCAA4BD-D0E8-40CE-AB2E-BE1705632247}.DVD-5|x86.Build.0 = DVD-5
		{FCCAA4BD-D0E8-40CE-AB2E-BE1705632247}.Release|x86.ActiveCfg = SingleImage
		{FCCAA4BD-D0E8-40CE-AB2E-BE1705632247}.Release|x86.Build.0 = SingleImage
		{FCCAA4BD-D0E8-40CE-AB2E-BE1705632247}.SingleImage|x86.ActiveCfg = SingleImage
		{FCCAA4BD-D0E8-40CE-AB2E-BE1705632247}.SingleImage|x86.Build.0 = SingleImage
	EndGlobalSection
	GlobalSection(SolutionProperties) = preSolution
		HideSolutionNode = FALSE
	EndGlobalSection
EndGlobal
