
Microsoft Visual Studio Solution File, Format Version 11.00
# Visual Studio 2010
Project("{FAE04EC0-301F-11D3-BF4B-00C04F79EFBC}") = "WagstaffBridge", "WagstaffBridge\WagstaffBridge.csproj", "{7A9EFCA4-6243-48FC-ACE8-B55910E398DE}"
EndProject
Project("{54435603-DBB4-11D2-8724-00A0C9A8B90C}") = "WagstaffBridgeSetup", "WagstaffBridgeSetup\WagstaffBridgeSetup.vdproj", "{FE080E68-1E82-48FF-9579-EBE0C9ECB722}"
EndProject
Global
	GlobalSection(SolutionConfigurationPlatforms) = preSolution
		Debug|x86 = Debug|x86
		Release|x86 = Release|x86
	EndGlobalSection
	GlobalSection(ProjectConfigurationPlatforms) = postSolution
		{7A9EFCA4-6243-48FC-ACE8-B55910E398DE}.Debug|x86.ActiveCfg = Debug|x86
		{7A9EFCA4-6243-48FC-ACE8-B55910E398DE}.Debug|x86.Build.0 = Debug|x86
		{7A9EFCA4-6243-48FC-ACE8-B55910E398DE}.Release|x86.ActiveCfg = Release|x86
		{7A9EFCA4-6243-48FC-ACE8-B55910E398DE}.Release|x86.Build.0 = Release|x86
		{FE080E68-1E82-48FF-9579-EBE0C9ECB722}.Debug|x86.ActiveCfg = Debug
		{FE080E68-1E82-48FF-9579-EBE0C9ECB722}.Release|x86.ActiveCfg = Release
	EndGlobalSection
	GlobalSection(SolutionProperties) = preSolution
		HideSolutionNode = FALSE
	EndGlobalSection
EndGlobal
